
Microsoft Visual Studio Solution File, Format Version 12.00
# Visual Studio Version 17
VisualStudioVersion = 17.2.32630.192
MinimumVisualStudioVersion = 10.0.40219.1
Project("{9A19103F-16F7-4668-BE54-9A1E7A4F7556}") = "R5T.T0256.Construction", "R5T.T0256.Construction\R5T.T0256.Construction.csproj", "{74460A8F-3C90-433C-BE70-11C0A3254564}"
EndProject
Project("{9A19103F-16F7-4668-BE54-9A1E7A4F7556}") = "R5T.T0256", "R5T.T0256\R5T.T0256.csproj", "{AC5935A7-C7AF-479C-BABB-81D65ECE8409}"
EndProject
Project("{9A19103F-16F7-4668-BE54-9A1E7A4F7556}") = "R5T.T0256.T000", "R5T.T0256.T000\R5T.T0256.T000.csproj", "{0477AA93-BDB0-44F5-BC16-53E574DC92C8}"
EndProject
Project("{2150E333-8FDC-42A3-9474-1A3956D46DE8}") = "_Dependencies", "_Dependencies", "{7E2414D1-F8F0-4E87-B5C5-3C7BB3DD5243}"
EndProject
Project("{9A19103F-16F7-4668-BE54-9A1E7A4F7556}") = "R5T.F0000", "..\..\R5T.F0000\source\R5T.F0000\R5T.F0000.csproj", "{045F4439-9EFC-4E14-A07C-CCD8D4202D94}"
EndProject
Project("{9A19103F-16F7-4668-BE54-9A1E7A4F7556}") = "R5T.F0002", "..\..\R5T.F0002\source\R5T.F0002\R5T.F0002.csproj", "{8C693504-7D51-459D-AEF2-F91768CA166E}"
EndProject
Project("{9A19103F-16F7-4668-BE54-9A1E7A4F7556}") = "R5T.F0059", "..\..\R5T.F0059\source\R5T.F0059\R5T.F0059.csproj", "{638893CD-C57A-4345-8E26-4557BC54FED2}"
EndProject
Project("{9A19103F-16F7-4668-BE54-9A1E7A4F7556}") = "R5T.F0120", "..\..\R5T.F0120\source\R5T.F0120\R5T.F0120.csproj", "{5B85A5B7-E564-4C70-855F-4E7899D83FCB}"
EndProject
Project("{9A19103F-16F7-4668-BE54-9A1E7A4F7556}") = "R5T.F0124", "..\..\R5T.F0124\source\R5T.F0124\R5T.F0124.csproj", "{2B99966D-241C-4A32-A456-0E9D30D520DC}"
EndProject
Project("{9A19103F-16F7-4668-BE54-9A1E7A4F7556}") = "R5T.F0125", "..\..\R5T.F0125\source\R5T.F0125\R5T.F0125.csproj", "{F7247AE0-8FC5-4B3B-B57E-D1F2B1E1B084}"
EndProject
Project("{9A19103F-16F7-4668-BE54-9A1E7A4F7556}") = "R5T.L0030.T000", "..\..\R5T.L0030\source\R5T.L0030.T000\R5T.L0030.T000.csproj", "{636003E2-5E61-47B0-986F-9BF25D183E90}"
EndProject
Project("{9A19103F-16F7-4668-BE54-9A1E7A4F7556}") = "R5T.L0030", "..\..\R5T.L0030\source\R5T.L0030\R5T.L0030.csproj", "{5658EAFD-4949-4C2C-A266-0E784C5A8B29}"
EndProject
Project("{9A19103F-16F7-4668-BE54-9A1E7A4F7556}") = "R5T.L0034", "..\..\R5T.L0034\source\R5T.L0034\R5T.L0034.csproj", "{0E088BF4-0C2A-4F54-B7FB-9ACC19188F8F}"
EndProject
Project("{9A19103F-16F7-4668-BE54-9A1E7A4F7556}") = "R5T.L0035", "..\..\R5T.L0035\source\R5T.L0035\R5T.L0035.csproj", "{5D2ED57F-4AD9-4D9C-A325-D3216FCB8128}"
EndProject
Project("{9A19103F-16F7-4668-BE54-9A1E7A4F7556}") = "R5T.L0053", "..\..\R5T.L0053\source\R5T.L0053\R5T.L0053.csproj", "{1D14B12D-0B7B-4542-A3AD-4251643E97B2}"
EndProject
Project("{9A19103F-16F7-4668-BE54-9A1E7A4F7556}") = "R5T.L0056", "..\..\R5T.L0056\source\R5T.L0056\R5T.L0056.csproj", "{83967A05-D93E-4825-89B4-F39B71E1727A}"
EndProject
Project("{9A19103F-16F7-4668-BE54-9A1E7A4F7556}") = "R5T.L0066", "..\..\R5T.L0066\source\R5T.L0066\R5T.L0066.csproj", "{5967EC9F-EA78-4B94-ADF0-E3A82B6BBCED}"
EndProject
Project("{9A19103F-16F7-4668-BE54-9A1E7A4F7556}") = "R5T.L0071", "..\..\R5T.L0071\source\R5T.L0071\R5T.L0071.csproj", "{46AD632C-1FC1-4806-A4ED-AEE9D0B74606}"
EndProject
Project("{9A19103F-16F7-4668-BE54-9A1E7A4F7556}") = "R5T.L0074", "..\..\R5T.L0074\source\R5T.L0074\R5T.L0074.csproj", "{E49A0B41-161C-4877-94E9-9E01194BC0C0}"
EndProject
Project("{9A19103F-16F7-4668-BE54-9A1E7A4F7556}") = "R5T.L0089.F000", "..\..\R5T.L0089\source\R5T.L0089.F000\R5T.L0089.F000.csproj", "{09ACC797-81DC-4D6F-9AB6-91043C862DA9}"
EndProject
Project("{9A19103F-16F7-4668-BE54-9A1E7A4F7556}") = "R5T.L0089.T000", "..\..\R5T.L0089\source\R5T.L0089.T000\R5T.L0089.T000.csproj", "{A85F854C-2018-4AB7-A212-018E52B0473D}"
EndProject
Project("{9A19103F-16F7-4668-BE54-9A1E7A4F7556}") = "R5T.L0089", "..\..\R5T.L0089\source\R5T.L0089\R5T.L0089.csproj", "{2D277DD5-F3F7-45DA-9C63-724EE38CE5C7}"
EndProject
Project("{9A19103F-16F7-4668-BE54-9A1E7A4F7556}") = "R5T.NG0006", "..\..\R5T.NG0006\source\R5T.NG0006\R5T.NG0006.csproj", "{52366E77-64F8-4C2D-9DD5-EC381FD4E7FA}"
EndProject
Project("{9A19103F-16F7-4668-BE54-9A1E7A4F7556}") = "R5T.NG0022", "..\..\R5T.NG0022\source\R5T.NG0022\R5T.NG0022.csproj", "{03BD507C-5822-4BF8-97C2-BBD7AB05E8AE}"
EndProject
Project("{9A19103F-16F7-4668-BE54-9A1E7A4F7556}") = "R5T.T0131", "..\..\R5T.T0131\source\R5T.T0131\R5T.T0131.csproj", "{41454D47-5A86-4F19-AF4C-7E86A709C4F5}"
EndProject
Project("{9A19103F-16F7-4668-BE54-9A1E7A4F7556}") = "R5T.T0132", "..\..\R5T.T0132\source\R5T.T0132\R5T.T0132.csproj", "{BEF555FD-5DEB-4593-834A-79562EA7967D}"
EndProject
Project("{9A19103F-16F7-4668-BE54-9A1E7A4F7556}") = "R5T.T0142", "..\..\R5T.T0142\source\R5T.T0142\R5T.T0142.csproj", "{4466F94D-453C-4CDE-80C8-87E57C2CE00C}"
EndProject
Project("{9A19103F-16F7-4668-BE54-9A1E7A4F7556}") = "R5T.T0143", "..\..\R5T.T0143\source\R5T.T0143\R5T.T0143.csproj", "{EAF747F6-AD84-4A98-BD5E-B35A72256898}"
EndProject
Project("{9A19103F-16F7-4668-BE54-9A1E7A4F7556}") = "R5T.T0150", "..\..\R5T.T0150\source\R5T.T0150\R5T.T0150.csproj", "{115305BB-87E3-4BDB-917E-7943E74FB2E1}"
EndProject
Project("{9A19103F-16F7-4668-BE54-9A1E7A4F7556}") = "R5T.T0151", "..\..\R5T.T0151\source\R5T.T0151\R5T.T0151.csproj", "{B2F1C14B-146D-4A56-87AF-4149EE298E7D}"
EndProject
Project("{9A19103F-16F7-4668-BE54-9A1E7A4F7556}") = "R5T.T0156", "..\..\R5T.T0156\source\R5T.T0156\R5T.T0156.csproj", "{2476144B-8495-4E5C-AB51-243E6C3BDE3F}"
EndProject
Project("{9A19103F-16F7-4668-BE54-9A1E7A4F7556}") = "R5T.T0158", "..\..\R5T.T0158\source\R5T.T0158\R5T.T0158.csproj", "{0BB5EBAC-D932-4C10-A544-73E9614D704F}"
EndProject
Project("{9A19103F-16F7-4668-BE54-9A1E7A4F7556}") = "R5T.T0159", "..\..\R5T.T0159\source\R5T.T0159\R5T.T0159.csproj", "{0F14666F-44C5-4F6B-84ED-4D14F2196697}"
EndProject
Project("{9A19103F-16F7-4668-BE54-9A1E7A4F7556}") = "R5T.T0172", "..\..\R5T.T0172\source\R5T.T0172\R5T.T0172.csproj", "{823871E6-0B18-4DD6-81F3-9C4F1AA24D1A}"
EndProject
Project("{9A19103F-16F7-4668-BE54-9A1E7A4F7556}") = "R5T.T0174", "..\..\R5T.T0174\source\R5T.T0174\R5T.T0174.csproj", "{04411E61-F288-4871-8CCB-98D5F0E5384F}"
EndProject
Project("{9A19103F-16F7-4668-BE54-9A1E7A4F7556}") = "R5T.T0176", "..\..\R5T.T0176\source\R5T.T0176\R5T.T0176.csproj", "{A9F0C0A0-5827-47F3-B8B2-B6EB362AB8B5}"
EndProject
Project("{9A19103F-16F7-4668-BE54-9A1E7A4F7556}") = "R5T.T0177", "..\..\R5T.T0177\source\R5T.T0177\R5T.T0177.csproj", "{D1A49706-F0AC-4A5B-97B4-47B7F3A615B8}"
EndProject
Project("{9A19103F-16F7-4668-BE54-9A1E7A4F7556}") = "R5T.T0178", "..\..\R5T.T0178\source\R5T.T0178\R5T.T0178.csproj", "{9CA75DC1-9107-43EE-BC2C-D0A7216F3BF2}"
EndProject
Project("{9A19103F-16F7-4668-BE54-9A1E7A4F7556}") = "R5T.T0179", "..\..\R5T.T0179\source\R5T.T0179\R5T.T0179.csproj", "{2B5B638A-BADA-4823-8793-8F6B47523D9E}"
EndProject
Project("{9A19103F-16F7-4668-BE54-9A1E7A4F7556}") = "R5T.T0180", "..\..\R5T.T0180\source\R5T.T0180\R5T.T0180.csproj", "{1DE97529-2E8B-4B76-9A52-93CC90BE4A16}"
EndProject
Project("{9A19103F-16F7-4668-BE54-9A1E7A4F7556}") = "R5T.T0181", "..\..\R5T.T0181\source\R5T.T0181\R5T.T0181.csproj", "{C3EF438A-E938-4B2E-9908-51B54C8030CB}"
EndProject
Project("{9A19103F-16F7-4668-BE54-9A1E7A4F7556}") = "R5T.T0185", "..\..\R5T.T0185\source\R5T.T0185\R5T.T0185.csproj", "{967FA469-54E3-4323-A11A-1381FDDF55B0}"
EndProject
Project("{9A19103F-16F7-4668-BE54-9A1E7A4F7556}") = "R5T.T0199.T000", "..\..\R5T.T0199\source\R5T.T0199.T000\R5T.T0199.T000.csproj", "{97BE7D1D-C4D9-4B45-B86D-0864C31F4F9C}"
EndProject
Project("{9A19103F-16F7-4668-BE54-9A1E7A4F7556}") = "R5T.T0199.T001", "..\..\R5T.T0199\source\R5T.T0199.T001\R5T.T0199.T001.csproj", "{657C3596-1F31-4FA2-8E12-F1D33115F1C7}"
EndProject
Project("{9A19103F-16F7-4668-BE54-9A1E7A4F7556}") = "R5T.T0199", "..\..\R5T.T0199\source\R5T.T0199\R5T.T0199.csproj", "{99907634-FF38-4EDD-B547-F645079E2DCE}"
EndProject
Project("{9A19103F-16F7-4668-BE54-9A1E7A4F7556}") = "R5T.T0203", "..\..\R5T.T0203\source\R5T.T0203\R5T.T0203.csproj", "{5FDA0410-1274-4EC7-B88C-EE81CF5E3C82}"
EndProject
Project("{9A19103F-16F7-4668-BE54-9A1E7A4F7556}") = "R5T.T0213", "..\..\R5T.T0213\source\R5T.T0213\R5T.T0213.csproj", "{6844229A-4293-4887-ABDB-2F246CF12708}"
EndProject
Project("{9A19103F-16F7-4668-BE54-9A1E7A4F7556}") = "R5T.T0218", "..\..\R5T.T0218\source\R5T.T0218\R5T.T0218.csproj", "{745B5EB5-D607-45F3-BC04-E042DB391770}"
EndProject
Project("{9A19103F-16F7-4668-BE54-9A1E7A4F7556}") = "R5T.T0219", "..\..\R5T.T0219\source\R5T.T0219\R5T.T0219.csproj", "{CF12FF8B-B604-400F-89DB-4E2DA83602EB}"
EndProject
Project("{9A19103F-16F7-4668-BE54-9A1E7A4F7556}") = "R5T.T0220", "..\..\R5T.T0220\source\R5T.T0220\R5T.T0220.csproj", "{F2524FA2-8E7E-41DE-84CF-30C4DB4EF2FD}"
EndProject
Project("{9A19103F-16F7-4668-BE54-9A1E7A4F7556}") = "R5T.T0221", "..\..\R5T.T0221\source\R5T.T0221\R5T.T0221.csproj", "{217CF9AB-6AAF-48C8-9000-02E74964A525}"
EndProject
Project("{9A19103F-16F7-4668-BE54-9A1E7A4F7556}") = "R5T.T0227", "..\..\R5T.T0227\source\R5T.T0227\R5T.T0227.csproj", "{4CE16EDC-B9C1-400F-B876-FDF89404822E}"
EndProject
Project("{9A19103F-16F7-4668-BE54-9A1E7A4F7556}") = "R5T.T0241", "..\..\R5T.T0241\source\R5T.T0241\R5T.T0241.csproj", "{2688370E-A71C-4A87-A892-80BE1C9FBF7F}"
EndProject
Project("{9A19103F-16F7-4668-BE54-9A1E7A4F7556}") = "R5T.T0252", "..\..\R5T.T0252\source\R5T.T0252\R5T.T0252.csproj", "{D3D84E6C-A956-4C74-A997-DC69F4F078B8}"
EndProject
Project("{9A19103F-16F7-4668-BE54-9A1E7A4F7556}") = "R5T.Y0000", "..\..\R5T.Y0000\source\R5T.Y0000\R5T.Y0000.csproj", "{7417A538-28E2-49B7-A9F5-E67CD0174AB4}"
EndProject
Project("{9A19103F-16F7-4668-BE54-9A1E7A4F7556}") = "R5T.Y0006", "..\..\R5T.Y0006\source\R5T.Y0006\R5T.Y0006.csproj", "{8CCC118D-FC2B-430A-959C-CF7DFF614547}"
EndProject
Project("{9A19103F-16F7-4668-BE54-9A1E7A4F7556}") = "R5T.Z0000", "..\..\R5T.Z0000\source\R5T.Z0000\R5T.Z0000.csproj", "{20D55317-EC4C-44BD-9379-A7FECC3D7A88}"
EndProject
Project("{9A19103F-16F7-4668-BE54-9A1E7A4F7556}") = "R5T.Z0057.Platform", "..\..\R5T.Z0057\source\R5T.Z0057.Platform\R5T.Z0057.Platform.csproj", "{7258BA9B-5FC2-4003-88D1-5DBF80752796}"
EndProject
Project("{9A19103F-16F7-4668-BE54-9A1E7A4F7556}") = "R5T.Z0057", "..\..\R5T.Z0057\source\R5T.Z0057\R5T.Z0057.csproj", "{71AA450F-2B05-4210-ADAC-E9AE6CD40075}"
EndProject
Project("{9A19103F-16F7-4668-BE54-9A1E7A4F7556}") = "R5T.Z0058", "..\..\R5T.Z0058\source\R5T.Z0058\R5T.Z0058.csproj", "{8139FEBE-EB31-494E-AF5C-80421D43853D}"
EndProject
Project("{9A19103F-16F7-4668-BE54-9A1E7A4F7556}") = "R5T.Z0072.Z000", "..\..\R5T.Z0072\source\R5T.Z0072.Z000\R5T.Z0072.Z000.csproj", "{50B33F6C-1B5F-4B49-86BC-76616D94FF7D}"
EndProject
Project("{9A19103F-16F7-4668-BE54-9A1E7A4F7556}") = "R5T.Z0072.Z001", "..\..\R5T.Z0072\source\R5T.Z0072.Z001\R5T.Z0072.Z001.csproj", "{A1B19F90-110E-46DA-AACF-7E63B20916F1}"
EndProject
Project("{9A19103F-16F7-4668-BE54-9A1E7A4F7556}") = "R5T.Z0072.Z002", "..\..\R5T.Z0072\source\R5T.Z0072.Z002\R5T.Z0072.Z002.csproj", "{473E37A4-F45F-48C3-AFA9-9682E84D1AC1}"
EndProject
Project("{9A19103F-16F7-4668-BE54-9A1E7A4F7556}") = "R5T.Z0072.Z004", "..\..\R5T.Z0072\source\R5T.Z0072.Z004\R5T.Z0072.Z004.csproj", "{B31D52ED-BBBC-4EDB-95AE-AA1CA04C8596}"
EndProject
Project("{9A19103F-16F7-4668-BE54-9A1E7A4F7556}") = "R5T.T0256.T001", "R5T.T0256.T001\R5T.T0256.T001.csproj", "{3CF4254A-EC5E-4412-9D67-84EB7390169A}"
EndProject
Global
	GlobalSection(NestedProjects) = preSolution
		{045F4439-9EFC-4E14-A07C-CCD8D4202D94} = {7E2414D1-F8F0-4E87-B5C5-3C7BB3DD5243}
		{8C693504-7D51-459D-AEF2-F91768CA166E} = {7E2414D1-F8F0-4E87-B5C5-3C7BB3DD5243}
		{638893CD-C57A-4345-8E26-4557BC54FED2} = {7E2414D1-F8F0-4E87-B5C5-3C7BB3DD5243}
		{5B85A5B7-E564-4C70-855F-4E7899D83FCB} = {7E2414D1-F8F0-4E87-B5C5-3C7BB3DD5243}
		{2B99966D-241C-4A32-A456-0E9D30D520DC} = {7E2414D1-F8F0-4E87-B5C5-3C7BB3DD5243}
		{F7247AE0-8FC5-4B3B-B57E-D1F2B1E1B084} = {7E2414D1-F8F0-4E87-B5C5-3C7BB3DD5243}
		{636003E2-5E61-47B0-986F-9BF25D183E90} = {7E2414D1-F8F0-4E87-B5C5-3C7BB3DD5243}
		{5658EAFD-4949-4C2C-A266-0E784C5A8B29} = {7E2414D1-F8F0-4E87-B5C5-3C7BB3DD5243}
		{0E088BF4-0C2A-4F54-B7FB-9ACC19188F8F} = {7E2414D1-F8F0-4E87-B5C5-3C7BB3DD5243}
		{5D2ED57F-4AD9-4D9C-A325-D3216FCB8128} = {7E2414D1-F8F0-4E87-B5C5-3C7BB3DD5243}
		{1D14B12D-0B7B-4542-A3AD-4251643E97B2} = {7E2414D1-F8F0-4E87-B5C5-3C7BB3DD5243}
		{83967A05-D93E-4825-89B4-F39B71E1727A} = {7E2414D1-F8F0-4E87-B5C5-3C7BB3DD5243}
		{5967EC9F-EA78-4B94-ADF0-E3A82B6BBCED} = {7E2414D1-F8F0-4E87-B5C5-3C7BB3DD5243}
		{46AD632C-1FC1-4806-A4ED-AEE9D0B74606} = {7E2414D1-F8F0-4E87-B5C5-3C7BB3DD5243}
		{E49A0B41-161C-4877-94E9-9E01194BC0C0} = {7E2414D1-F8F0-4E87-B5C5-3C7BB3DD5243}
		{09ACC797-81DC-4D6F-9AB6-91043C862DA9} = {7E2414D1-F8F0-4E87-B5C5-3C7BB3DD5243}
		{A85F854C-2018-4AB7-A212-018E52B0473D} = {7E2414D1-F8F0-4E87-B5C5-3C7BB3DD5243}
		{2D277DD5-F3F7-45DA-9C63-724EE38CE5C7} = {7E2414D1-F8F0-4E87-B5C5-3C7BB3DD5243}
		{52366E77-64F8-4C2D-9DD5-EC381FD4E7FA} = {7E2414D1-F8F0-4E87-B5C5-3C7BB3DD5243}
		{03BD507C-5822-4BF8-97C2-BBD7AB05E8AE} = {7E2414D1-F8F0-4E87-B5C5-3C7BB3DD5243}
		{41454D47-5A86-4F19-AF4C-7E86A709C4F5} = {7E2414D1-F8F0-4E87-B5C5-3C7BB3DD5243}
		{BEF555FD-5DEB-4593-834A-79562EA7967D} = {7E2414D1-F8F0-4E87-B5C5-3C7BB3DD5243}
		{4466F94D-453C-4CDE-80C8-87E57C2CE00C} = {7E2414D1-F8F0-4E87-B5C5-3C7BB3DD5243}
		{EAF747F6-AD84-4A98-BD5E-B35A72256898} = {7E2414D1-F8F0-4E87-B5C5-3C7BB3DD5243}
		{115305BB-87E3-4BDB-917E-7943E74FB2E1} = {7E2414D1-F8F0-4E87-B5C5-3C7BB3DD5243}
		{B2F1C14B-146D-4A56-87AF-4149EE298E7D} = {7E2414D1-F8F0-4E87-B5C5-3C7BB3DD5243}
		{2476144B-8495-4E5C-AB51-243E6C3BDE3F} = {7E2414D1-F8F0-4E87-B5C5-3C7BB3DD5243}
		{0BB5EBAC-D932-4C10-A544-73E9614D704F} = {7E2414D1-F8F0-4E87-B5C5-3C7BB3DD5243}
		{0F14666F-44C5-4F6B-84ED-4D14F2196697} = {7E2414D1-F8F0-4E87-B5C5-3C7BB3DD5243}
		{823871E6-0B18-4DD6-81F3-9C4F1AA24D1A} = {7E2414D1-F8F0-4E87-B5C5-3C7BB3DD5243}
		{04411E61-F288-4871-8CCB-98D5F0E5384F} = {7E2414D1-F8F0-4E87-B5C5-3C7BB3DD5243}
		{A9F0C0A0-5827-47F3-B8B2-B6EB362AB8B5} = {7E2414D1-F8F0-4E87-B5C5-3C7BB3DD5243}
		{D1A49706-F0AC-4A5B-97B4-47B7F3A615B8} = {7E2414D1-F8F0-4E87-B5C5-3C7BB3DD5243}
		{9CA75DC1-9107-43EE-BC2C-D0A7216F3BF2} = {7E2414D1-F8F0-4E87-B5C5-3C7BB3DD5243}
		{2B5B638A-BADA-4823-8793-8F6B47523D9E} = {7E2414D1-F8F0-4E87-B5C5-3C7BB3DD5243}
		{1DE97529-2E8B-4B76-9A52-93CC90BE4A16} = {7E2414D1-F8F0-4E87-B5C5-3C7BB3DD5243}
		{C3EF438A-E938-4B2E-9908-51B54C8030CB} = {7E2414D1-F8F0-4E87-B5C5-3C7BB3DD5243}
		{967FA469-54E3-4323-A11A-1381FDDF55B0} = {7E2414D1-F8F0-4E87-B5C5-3C7BB3DD5243}
		{97BE7D1D-C4D9-4B45-B86D-0864C31F4F9C} = {7E2414D1-F8F0-4E87-B5C5-3C7BB3DD5243}
		{657C3596-1F31-4FA2-8E12-F1D33115F1C7} = {7E2414D1-F8F0-4E87-B5C5-3C7BB3DD5243}
		{99907634-FF38-4EDD-B547-F645079E2DCE} = {7E2414D1-F8F0-4E87-B5C5-3C7BB3DD5243}
		{5FDA0410-1274-4EC7-B88C-EE81CF5E3C82} = {7E2414D1-F8F0-4E87-B5C5-3C7BB3DD5243}
		{6844229A-4293-4887-ABDB-2F246CF12708} = {7E2414D1-F8F0-4E87-B5C5-3C7BB3DD5243}
		{745B5EB5-D607-45F3-BC04-E042DB391770} = {7E2414D1-F8F0-4E87-B5C5-3C7BB3DD5243}
		{CF12FF8B-B604-400F-89DB-4E2DA83602EB} = {7E2414D1-F8F0-4E87-B5C5-3C7BB3DD5243}
		{F2524FA2-8E7E-41DE-84CF-30C4DB4EF2FD} = {7E2414D1-F8F0-4E87-B5C5-3C7BB3DD5243}
		{217CF9AB-6AAF-48C8-9000-02E74964A525} = {7E2414D1-F8F0-4E87-B5C5-3C7BB3DD5243}
		{4CE16EDC-B9C1-400F-B876-FDF89404822E} = {7E2414D1-F8F0-4E87-B5C5-3C7BB3DD5243}
		{2688370E-A71C-4A87-A892-80BE1C9FBF7F} = {7E2414D1-F8F0-4E87-B5C5-3C7BB3DD5243}
		{D3D84E6C-A956-4C74-A997-DC69F4F078B8} = {7E2414D1-F8F0-4E87-B5C5-3C7BB3DD5243}
		{7417A538-28E2-49B7-A9F5-E67CD0174AB4} = {7E2414D1-F8F0-4E87-B5C5-3C7BB3DD5243}
		{8CCC118D-FC2B-430A-959C-CF7DFF614547} = {7E2414D1-F8F0-4E87-B5C5-3C7BB3DD5243}
		{20D55317-EC4C-44BD-9379-A7FECC3D7A88} = {7E2414D1-F8F0-4E87-B5C5-3C7BB3DD5243}
		{7258BA9B-5FC2-4003-88D1-5DBF80752796} = {7E2414D1-F8F0-4E87-B5C5-3C7BB3DD5243}
		{71AA450F-2B05-4210-ADAC-E9AE6CD40075} = {7E2414D1-F8F0-4E87-B5C5-3C7BB3DD5243}
		{8139FEBE-EB31-494E-AF5C-80421D43853D} = {7E2414D1-F8F0-4E87-B5C5-3C7BB3DD5243}
		{50B33F6C-1B5F-4B49-86BC-76616D94FF7D} = {7E2414D1-F8F0-4E87-B5C5-3C7BB3DD5243}
		{A1B19F90-110E-46DA-AACF-7E63B20916F1} = {7E2414D1-F8F0-4E87-B5C5-3C7BB3DD5243}
		{473E37A4-F45F-48C3-AFA9-9682E84D1AC1} = {7E2414D1-F8F0-4E87-B5C5-3C7BB3DD5243}
		{B31D52ED-BBBC-4EDB-95AE-AA1CA04C8596} = {7E2414D1-F8F0-4E87-B5C5-3C7BB3DD5243}
	EndGlobalSection
	GlobalSection(SolutionConfigurationPlatforms) = preSolution
		Debug|Any CPU = Debug|Any CPU
		Release|Any CPU = Release|Any CPU
	EndGlobalSection
	GlobalSection(ProjectConfigurationPlatforms) = postSolution
		{74460A8F-3C90-433C-BE70-11C0A3254564}.Debug|Any CPU.ActiveCfg = Debug|Any CPU
		{74460A8F-3C90-433C-BE70-11C0A3254564}.Debug|Any CPU.Build.0 = Debug|Any CPU
		{74460A8F-3C90-433C-BE70-11C0A3254564}.Release|Any CPU.ActiveCfg = Release|Any CPU
		{74460A8F-3C90-433C-BE70-11C0A3254564}.Release|Any CPU.Build.0 = Release|Any CPU
		{AC5935A7-C7AF-479C-BABB-81D65ECE8409}.Debug|Any CPU.ActiveCfg = Debug|Any CPU
		{AC5935A7-C7AF-479C-BABB-81D65ECE8409}.Debug|Any CPU.Build.0 = Debug|Any CPU
		{AC5935A7-C7AF-479C-BABB-81D65ECE8409}.Release|Any CPU.ActiveCfg = Release|Any CPU
		{AC5935A7-C7AF-479C-BABB-81D65ECE8409}.Release|Any CPU.Build.0 = Release|Any CPU
		{0477AA93-BDB0-44F5-BC16-53E574DC92C8}.Debug|Any CPU.ActiveCfg = Debug|Any CPU
		{0477AA93-BDB0-44F5-BC16-53E574DC92C8}.Debug|Any CPU.Build.0 = Debug|Any CPU
		{0477AA93-BDB0-44F5-BC16-53E574DC92C8}.Release|Any CPU.ActiveCfg = Release|Any CPU
		{0477AA93-BDB0-44F5-BC16-53E574DC92C8}.Release|Any CPU.Build.0 = Release|Any CPU
		{045F4439-9EFC-4E14-A07C-CCD8D4202D94}.Debug|Any CPU.ActiveCfg = Debug|Any CPU
		{045F4439-9EFC-4E14-A07C-CCD8D4202D94}.Debug|Any CPU.Build.0 = Debug|Any CPU
		{045F4439-9EFC-4E14-A07C-CCD8D4202D94}.Release|Any CPU.ActiveCfg = Release|Any CPU
		{045F4439-9EFC-4E14-A07C-CCD8D4202D94}.Release|Any CPU.Build.0 = Release|Any CPU
		{8C693504-7D51-459D-AEF2-F91768CA166E}.Debug|Any CPU.ActiveCfg = Debug|Any CPU
		{8C693504-7D51-459D-AEF2-F91768CA166E}.Debug|Any CPU.Build.0 = Debug|Any CPU
		{8C693504-7D51-459D-AEF2-F91768CA166E}.Release|Any CPU.ActiveCfg = Release|Any CPU
		{8C693504-7D51-459D-AEF2-F91768CA166E}.Release|Any CPU.Build.0 = Release|Any CPU
		{638893CD-C57A-4345-8E26-4557BC54FED2}.Debug|Any CPU.ActiveCfg = Debug|Any CPU
		{638893CD-C57A-4345-8E26-4557BC54FED2}.Debug|Any CPU.Build.0 = Debug|Any CPU
		{638893CD-C57A-4345-8E26-4557BC54FED2}.Release|Any CPU.ActiveCfg = Release|Any CPU
		{638893CD-C57A-4345-8E26-4557BC54FED2}.Release|Any CPU.Build.0 = Release|Any CPU
		{5B85A5B7-E564-4C70-855F-4E7899D83FCB}.Debug|Any CPU.ActiveCfg = Debug|Any CPU
		{5B85A5B7-E564-4C70-855F-4E7899D83FCB}.Debug|Any CPU.Build.0 = Debug|Any CPU
		{5B85A5B7-E564-4C70-855F-4E7899D83FCB}.Release|Any CPU.ActiveCfg = Release|Any CPU
		{5B85A5B7-E564-4C70-855F-4E7899D83FCB}.Release|Any CPU.Build.0 = Release|Any CPU
		{2B99966D-241C-4A32-A456-0E9D30D520DC}.Debug|Any CPU.ActiveCfg = Debug|Any CPU
		{2B99966D-241C-4A32-A456-0E9D30D520DC}.Debug|Any CPU.Build.0 = Debug|Any CPU
		{2B99966D-241C-4A32-A456-0E9D30D520DC}.Release|Any CPU.ActiveCfg = Release|Any CPU
		{2B99966D-241C-4A32-A456-0E9D30D520DC}.Release|Any CPU.Build.0 = Release|Any CPU
		{F7247AE0-8FC5-4B3B-B57E-D1F2B1E1B084}.Debug|Any CPU.ActiveCfg = Debug|Any CPU
		{F7247AE0-8FC5-4B3B-B57E-D1F2B1E1B084}.Debug|Any CPU.Build.0 = Debug|Any CPU
		{F7247AE0-8FC5-4B3B-B57E-D1F2B1E1B084}.Release|Any CPU.ActiveCfg = Release|Any CPU
		{F7247AE0-8FC5-4B3B-B57E-D1F2B1E1B084}.Release|Any CPU.Build.0 = Release|Any CPU
		{636003E2-5E61-47B0-986F-9BF25D183E90}.Debug|Any CPU.ActiveCfg = Debug|Any CPU
		{636003E2-5E61-47B0-986F-9BF25D183E90}.Debug|Any CPU.Build.0 = Debug|Any CPU
		{636003E2-5E61-47B0-986F-9BF25D183E90}.Release|Any CPU.ActiveCfg = Release|Any CPU
		{636003E2-5E61-47B0-986F-9BF25D183E90}.Release|Any CPU.Build.0 = Release|Any CPU
		{5658EAFD-4949-4C2C-A266-0E784C5A8B29}.Debug|Any CPU.ActiveCfg = Debug|Any CPU
		{5658EAFD-4949-4C2C-A266-0E784C5A8B29}.Debug|Any CPU.Build.0 = Debug|Any CPU
		{5658EAFD-4949-4C2C-A266-0E784C5A8B29}.Release|Any CPU.ActiveCfg = Release|Any CPU
		{5658EAFD-4949-4C2C-A266-0E784C5A8B29}.Release|Any CPU.Build.0 = Release|Any CPU
		{0E088BF4-0C2A-4F54-B7FB-9ACC19188F8F}.Debug|Any CPU.ActiveCfg = Debug|Any CPU
		{0E088BF4-0C2A-4F54-B7FB-9ACC19188F8F}.Debug|Any CPU.Build.0 = Debug|Any CPU
		{0E088BF4-0C2A-4F54-B7FB-9ACC19188F8F}.Release|Any CPU.ActiveCfg = Release|Any CPU
		{0E088BF4-0C2A-4F54-B7FB-9ACC19188F8F}.Release|Any CPU.Build.0 = Release|Any CPU
		{5D2ED57F-4AD9-4D9C-A325-D3216FCB8128}.Debug|Any CPU.ActiveCfg = Debug|Any CPU
		{5D2ED57F-4AD9-4D9C-A325-D3216FCB8128}.Debug|Any CPU.Build.0 = Debug|Any CPU
		{5D2ED57F-4AD9-4D9C-A325-D3216FCB8128}.Release|Any CPU.ActiveCfg = Release|Any CPU
		{5D2ED57F-4AD9-4D9C-A325-D3216FCB8128}.Release|Any CPU.Build.0 = Release|Any CPU
		{1D14B12D-0B7B-4542-A3AD-4251643E97B2}.Debug|Any CPU.ActiveCfg = Debug|Any CPU
		{1D14B12D-0B7B-4542-A3AD-4251643E97B2}.Debug|Any CPU.Build.0 = Debug|Any CPU
		{1D14B12D-0B7B-4542-A3AD-4251643E97B2}.Release|Any CPU.ActiveCfg = Release|Any CPU
		{1D14B12D-0B7B-4542-A3AD-4251643E97B2}.Release|Any CPU.Build.0 = Release|Any CPU
		{83967A05-D93E-4825-89B4-F39B71E1727A}.Debug|Any CPU.ActiveCfg = Debug|Any CPU
		{83967A05-D93E-4825-89B4-F39B71E1727A}.Debug|Any CPU.Build.0 = Debug|Any CPU
		{83967A05-D93E-4825-89B4-F39B71E1727A}.Release|Any CPU.ActiveCfg = Release|Any CPU
		{83967A05-D93E-4825-89B4-F39B71E1727A}.Release|Any CPU.Build.0 = Release|Any CPU
		{5967EC9F-EA78-4B94-ADF0-E3A82B6BBCED}.Debug|Any CPU.ActiveCfg = Debug|Any CPU
		{5967EC9F-EA78-4B94-ADF0-E3A82B6BBCED}.Debug|Any CPU.Build.0 = Debug|Any CPU
		{5967EC9F-EA78-4B94-ADF0-E3A82B6BBCED}.Release|Any CPU.ActiveCfg = Release|Any CPU
		{5967EC9F-EA78-4B94-ADF0-E3A82B6BBCED}.Release|Any CPU.Build.0 = Release|Any CPU
		{46AD632C-1FC1-4806-A4ED-AEE9D0B74606}.Debug|Any CPU.ActiveCfg = Debug|Any CPU
		{46AD632C-1FC1-4806-A4ED-AEE9D0B74606}.Debug|Any CPU.Build.0 = Debug|Any CPU
		{46AD632C-1FC1-4806-A4ED-AEE9D0B74606}.Release|Any CPU.ActiveCfg = Release|Any CPU
		{46AD632C-1FC1-4806-A4ED-AEE9D0B74606}.Release|Any CPU.Build.0 = Release|Any CPU
		{E49A0B41-161C-4877-94E9-9E01194BC0C0}.Debug|Any CPU.ActiveCfg = Debug|Any CPU
		{E49A0B41-161C-4877-94E9-9E01194BC0C0}.Debug|Any CPU.Build.0 = Debug|Any CPU
		{E49A0B41-161C-4877-94E9-9E01194BC0C0}.Release|Any CPU.ActiveCfg = Release|Any CPU
		{E49A0B41-161C-4877-94E9-9E01194BC0C0}.Release|Any CPU.Build.0 = Release|Any CPU
		{09ACC797-81DC-4D6F-9AB6-91043C862DA9}.Debug|Any CPU.ActiveCfg = Debug|Any CPU
		{09ACC797-81DC-4D6F-9AB6-91043C862DA9}.Debug|Any CPU.Build.0 = Debug|Any CPU
		{09ACC797-81DC-4D6F-9AB6-91043C862DA9}.Release|Any CPU.ActiveCfg = Release|Any CPU
		{09ACC797-81DC-4D6F-9AB6-91043C862DA9}.Release|Any CPU.Build.0 = Release|Any CPU
		{A85F854C-2018-4AB7-A212-018E52B0473D}.Debug|Any CPU.ActiveCfg = Debug|Any CPU
		{A85F854C-2018-4AB7-A212-018E52B0473D}.Debug|Any CPU.Build.0 = Debug|Any CPU
		{A85F854C-2018-4AB7-A212-018E52B0473D}.Release|Any CPU.ActiveCfg = Release|Any CPU
		{A85F854C-2018-4AB7-A212-018E52B0473D}.Release|Any CPU.Build.0 = Release|Any CPU
		{2D277DD5-F3F7-45DA-9C63-724EE38CE5C7}.Debug|Any CPU.ActiveCfg = Debug|Any CPU
		{2D277DD5-F3F7-45DA-9C63-724EE38CE5C7}.Debug|Any CPU.Build.0 = Debug|Any CPU
		{2D277DD5-F3F7-45DA-9C63-724EE38CE5C7}.Release|Any CPU.ActiveCfg = Release|Any CPU
		{2D277DD5-F3F7-45DA-9C63-724EE38CE5C7}.Release|Any CPU.Build.0 = Release|Any CPU
		{52366E77-64F8-4C2D-9DD5-EC381FD4E7FA}.Debug|Any CPU.ActiveCfg = Debug|Any CPU
		{52366E77-64F8-4C2D-9DD5-EC381FD4E7FA}.Debug|Any CPU.Build.0 = Debug|Any CPU
		{52366E77-64F8-4C2D-9DD5-EC381FD4E7FA}.Release|Any CPU.ActiveCfg = Release|Any CPU
		{52366E77-64F8-4C2D-9DD5-EC381FD4E7FA}.Release|Any CPU.Build.0 = Release|Any CPU
		{03BD507C-5822-4BF8-97C2-BBD7AB05E8AE}.Debug|Any CPU.ActiveCfg = Debug|Any CPU
		{03BD507C-5822-4BF8-97C2-BBD7AB05E8AE}.Debug|Any CPU.Build.0 = Debug|Any CPU
		{03BD507C-5822-4BF8-97C2-BBD7AB05E8AE}.Release|Any CPU.ActiveCfg = Release|Any CPU
		{03BD507C-5822-4BF8-97C2-BBD7AB05E8AE}.Release|Any CPU.Build.0 = Release|Any CPU
		{41454D47-5A86-4F19-AF4C-7E86A709C4F5}.Debug|Any CPU.ActiveCfg = Debug|Any CPU
		{41454D47-5A86-4F19-AF4C-7E86A709C4F5}.Debug|Any CPU.Build.0 = Debug|Any CPU
		{41454D47-5A86-4F19-AF4C-7E86A709C4F5}.Release|Any CPU.ActiveCfg = Release|Any CPU
		{41454D47-5A86-4F19-AF4C-7E86A709C4F5}.Release|Any CPU.Build.0 = Release|Any CPU
		{BEF555FD-5DEB-4593-834A-79562EA7967D}.Debug|Any CPU.ActiveCfg = Debug|Any CPU
		{BEF555FD-5DEB-4593-834A-79562EA7967D}.Debug|Any CPU.Build.0 = Debug|Any CPU
		{BEF555FD-5DEB-4593-834A-79562EA7967D}.Release|Any CPU.ActiveCfg = Release|Any CPU
		{BEF555FD-5DEB-4593-834A-79562EA7967D}.Release|Any CPU.Build.0 = Release|Any CPU
		{4466F94D-453C-4CDE-80C8-87E57C2CE00C}.Debug|Any CPU.ActiveCfg = Debug|Any CPU
		{4466F94D-453C-4CDE-80C8-87E57C2CE00C}.Debug|Any CPU.Build.0 = Debug|Any CPU
		{4466F94D-453C-4CDE-80C8-87E57C2CE00C}.Release|Any CPU.ActiveCfg = Release|Any CPU
		{4466F94D-453C-4CDE-80C8-87E57C2CE00C}.Release|Any CPU.Build.0 = Release|Any CPU
		{EAF747F6-AD84-4A98-BD5E-B35A72256898}.Debug|Any CPU.ActiveCfg = Debug|Any CPU
		{EAF747F6-AD84-4A98-BD5E-B35A72256898}.Debug|Any CPU.Build.0 = Debug|Any CPU
		{EAF747F6-AD84-4A98-BD5E-B35A72256898}.Release|Any CPU.ActiveCfg = Release|Any CPU
		{EAF747F6-AD84-4A98-BD5E-B35A72256898}.Release|Any CPU.Build.0 = Release|Any CPU
		{115305BB-87E3-4BDB-917E-7943E74FB2E1}.Debug|Any CPU.ActiveCfg = Debug|Any CPU
		{115305BB-87E3-4BDB-917E-7943E74FB2E1}.Debug|Any CPU.Build.0 = Debug|Any CPU
		{115305BB-87E3-4BDB-917E-7943E74FB2E1}.Release|Any CPU.ActiveCfg = Release|Any CPU
		{115305BB-87E3-4BDB-917E-7943E74FB2E1}.Release|Any CPU.Build.0 = Release|Any CPU
		{B2F1C14B-146D-4A56-87AF-4149EE298E7D}.Debug|Any CPU.ActiveCfg = Debug|Any CPU
		{B2F1C14B-146D-4A56-87AF-4149EE298E7D}.Debug|Any CPU.Build.0 = Debug|Any CPU
		{B2F1C14B-146D-4A56-87AF-4149EE298E7D}.Release|Any CPU.ActiveCfg = Release|Any CPU
		{B2F1C14B-146D-4A56-87AF-4149EE298E7D}.Release|Any CPU.Build.0 = Release|Any CPU
		{2476144B-8495-4E5C-AB51-243E6C3BDE3F}.Debug|Any CPU.ActiveCfg = Debug|Any CPU
		{2476144B-8495-4E5C-AB51-243E6C3BDE3F}.Debug|Any CPU.Build.0 = Debug|Any CPU
		{2476144B-8495-4E5C-AB51-243E6C3BDE3F}.Release|Any CPU.ActiveCfg = Release|Any CPU
		{2476144B-8495-4E5C-AB51-243E6C3BDE3F}.Release|Any CPU.Build.0 = Release|Any CPU
		{0BB5EBAC-D932-4C10-A544-73E9614D704F}.Debug|Any CPU.ActiveCfg = Debug|Any CPU
		{0BB5EBAC-D932-4C10-A544-73E9614D704F}.Debug|Any CPU.Build.0 = Debug|Any CPU
		{0BB5EBAC-D932-4C10-A544-73E9614D704F}.Release|Any CPU.ActiveCfg = Release|Any CPU
		{0BB5EBAC-D932-4C10-A544-73E9614D704F}.Release|Any CPU.Build.0 = Release|Any CPU
		{0F14666F-44C5-4F6B-84ED-4D14F2196697}.Debug|Any CPU.ActiveCfg = Debug|Any CPU
		{0F14666F-44C5-4F6B-84ED-4D14F2196697}.Debug|Any CPU.Build.0 = Debug|Any CPU
		{0F14666F-44C5-4F6B-84ED-4D14F2196697}.Release|Any CPU.ActiveCfg = Release|Any CPU
		{0F14666F-44C5-4F6B-84ED-4D14F2196697}.Release|Any CPU.Build.0 = Release|Any CPU
		{823871E6-0B18-4DD6-81F3-9C4F1AA24D1A}.Debug|Any CPU.ActiveCfg = Debug|Any CPU
		{823871E6-0B18-4DD6-81F3-9C4F1AA24D1A}.Debug|Any CPU.Build.0 = Debug|Any CPU
		{823871E6-0B18-4DD6-81F3-9C4F1AA24D1A}.Release|Any CPU.ActiveCfg = Release|Any CPU
		{823871E6-0B18-4DD6-81F3-9C4F1AA24D1A}.Release|Any CPU.Build.0 = Release|Any CPU
		{04411E61-F288-4871-8CCB-98D5F0E5384F}.Debug|Any CPU.ActiveCfg = Debug|Any CPU
		{04411E61-F288-4871-8CCB-98D5F0E5384F}.Debug|Any CPU.Build.0 = Debug|Any CPU
		{04411E61-F288-4871-8CCB-98D5F0E5384F}.Release|Any CPU.ActiveCfg = Release|Any CPU
		{04411E61-F288-4871-8CCB-98D5F0E5384F}.Release|Any CPU.Build.0 = Release|Any CPU
		{A9F0C0A0-5827-47F3-B8B2-B6EB362AB8B5}.Debug|Any CPU.ActiveCfg = Debug|Any CPU
		{A9F0C0A0-5827-47F3-B8B2-B6EB362AB8B5}.Debug|Any CPU.Build.0 = Debug|Any CPU
		{A9F0C0A0-5827-47F3-B8B2-B6EB362AB8B5}.Release|Any CPU.ActiveCfg = Release|Any CPU
		{A9F0C0A0-5827-47F3-B8B2-B6EB362AB8B5}.Release|Any CPU.Build.0 = Release|Any CPU
		{D1A49706-F0AC-4A5B-97B4-47B7F3A615B8}.Debug|Any CPU.ActiveCfg = Debug|Any CPU
		{D1A49706-F0AC-4A5B-97B4-47B7F3A615B8}.Debug|Any CPU.Build.0 = Debug|Any CPU
		{D1A49706-F0AC-4A5B-97B4-47B7F3A615B8}.Release|Any CPU.ActiveCfg = Release|Any CPU
		{D1A49706-F0AC-4A5B-97B4-47B7F3A615B8}.Release|Any CPU.Build.0 = Release|Any CPU
		{9CA75DC1-9107-43EE-BC2C-D0A7216F3BF2}.Debug|Any CPU.ActiveCfg = Debug|Any CPU
		{9CA75DC1-9107-43EE-BC2C-D0A7216F3BF2}.Debug|Any CPU.Build.0 = Debug|Any CPU
		{9CA75DC1-9107-43EE-BC2C-D0A7216F3BF2}.Release|Any CPU.ActiveCfg = Release|Any CPU
		{9CA75DC1-9107-43EE-BC2C-D0A7216F3BF2}.Release|Any CPU.Build.0 = Release|Any CPU
		{2B5B638A-BADA-4823-8793-8F6B47523D9E}.Debug|Any CPU.ActiveCfg = Debug|Any CPU
		{2B5B638A-BADA-4823-8793-8F6B47523D9E}.Debug|Any CPU.Build.0 = Debug|Any CPU
		{2B5B638A-BADA-4823-8793-8F6B47523D9E}.Release|Any CPU.ActiveCfg = Release|Any CPU
		{2B5B638A-BADA-4823-8793-8F6B47523D9E}.Release|Any CPU.Build.0 = Release|Any CPU
		{1DE97529-2E8B-4B76-9A52-93CC90BE4A16}.Debug|Any CPU.ActiveCfg = Debug|Any CPU
		{1DE97529-2E8B-4B76-9A52-93CC90BE4A16}.Debug|Any CPU.Build.0 = Debug|Any CPU
		{1DE97529-2E8B-4B76-9A52-93CC90BE4A16}.Release|Any CPU.ActiveCfg = Release|Any CPU
		{1DE97529-2E8B-4B76-9A52-93CC90BE4A16}.Release|Any CPU.Build.0 = Release|Any CPU
		{C3EF438A-E938-4B2E-9908-51B54C8030CB}.Debug|Any CPU.ActiveCfg = Debug|Any CPU
		{C3EF438A-E938-4B2E-9908-51B54C8030CB}.Debug|Any CPU.Build.0 = Debug|Any CPU
		{C3EF438A-E938-4B2E-9908-51B54C8030CB}.Release|Any CPU.ActiveCfg = Release|Any CPU
		{C3EF438A-E938-4B2E-9908-51B54C8030CB}.Release|Any CPU.Build.0 = Release|Any CPU
		{967FA469-54E3-4323-A11A-1381FDDF55B0}.Debug|Any CPU.ActiveCfg = Debug|Any CPU
		{967FA469-54E3-4323-A11A-1381FDDF55B0}.Debug|Any CPU.Build.0 = Debug|Any CPU
		{967FA469-54E3-4323-A11A-1381FDDF55B0}.Release|Any CPU.ActiveCfg = Release|Any CPU
		{967FA469-54E3-4323-A11A-1381FDDF55B0}.Release|Any CPU.Build.0 = Release|Any CPU
		{97BE7D1D-C4D9-4B45-B86D-0864C31F4F9C}.Debug|Any CPU.ActiveCfg = Debug|Any CPU
		{97BE7D1D-C4D9-4B45-B86D-0864C31F4F9C}.Debug|Any CPU.Build.0 = Debug|Any CPU
		{97BE7D1D-C4D9-4B45-B86D-0864C31F4F9C}.Release|Any CPU.ActiveCfg = Release|Any CPU
		{97BE7D1D-C4D9-4B45-B86D-0864C31F4F9C}.Release|Any CPU.Build.0 = Release|Any CPU
		{657C3596-1F31-4FA2-8E12-F1D33115F1C7}.Debug|Any CPU.ActiveCfg = Debug|Any CPU
		{657C3596-1F31-4FA2-8E12-F1D33115F1C7}.Debug|Any CPU.Build.0 = Debug|Any CPU
		{657C3596-1F31-4FA2-8E12-F1D33115F1C7}.Release|Any CPU.ActiveCfg = Release|Any CPU
		{657C3596-1F31-4FA2-8E12-F1D33115F1C7}.Release|Any CPU.Build.0 = Release|Any CPU
		{99907634-FF38-4EDD-B547-F645079E2DCE}.Debug|Any CPU.ActiveCfg = Debug|Any CPU
		{99907634-FF38-4EDD-B547-F645079E2DCE}.Debug|Any CPU.Build.0 = Debug|Any CPU
		{99907634-FF38-4EDD-B547-F645079E2DCE}.Release|Any CPU.ActiveCfg = Release|Any CPU
		{99907634-FF38-4EDD-B547-F645079E2DCE}.Release|Any CPU.Build.0 = Release|Any CPU
		{5FDA0410-1274-4EC7-B88C-EE81CF5E3C82}.Debug|Any CPU.ActiveCfg = Debug|Any CPU
		{5FDA0410-1274-4EC7-B88C-EE81CF5E3C82}.Debug|Any CPU.Build.0 = Debug|Any CPU
		{5FDA0410-1274-4EC7-B88C-EE81CF5E3C82}.Release|Any CPU.ActiveCfg = Release|Any CPU
		{5FDA0410-1274-4EC7-B88C-EE81CF5E3C82}.Release|Any CPU.Build.0 = Release|Any CPU
		{6844229A-4293-4887-ABDB-2F246CF12708}.Debug|Any CPU.ActiveCfg = Debug|Any CPU
		{6844229A-4293-4887-ABDB-2F246CF12708}.Debug|Any CPU.Build.0 = Debug|Any CPU
		{6844229A-4293-4887-ABDB-2F246CF12708}.Release|Any CPU.ActiveCfg = Release|Any CPU
		{6844229A-4293-4887-ABDB-2F246CF12708}.Release|Any CPU.Build.0 = Release|Any CPU
		{745B5EB5-D607-45F3-BC04-E042DB391770}.Debug|Any CPU.ActiveCfg = Debug|Any CPU
		{745B5EB5-D607-45F3-BC04-E042DB391770}.Debug|Any CPU.Build.0 = Debug|Any CPU
		{745B5EB5-D607-45F3-BC04-E042DB391770}.Release|Any CPU.ActiveCfg = Release|Any CPU
		{745B5EB5-D607-45F3-BC04-E042DB391770}.Release|Any CPU.Build.0 = Release|Any CPU
		{CF12FF8B-B604-400F-89DB-4E2DA83602EB}.Debug|Any CPU.ActiveCfg = Debug|Any CPU
		{CF12FF8B-B604-400F-89DB-4E2DA83602EB}.Debug|Any CPU.Build.0 = Debug|Any CPU
		{CF12FF8B-B604-400F-89DB-4E2DA83602EB}.Release|Any CPU.ActiveCfg = Release|Any CPU
		{CF12FF8B-B604-400F-89DB-4E2DA83602EB}.Release|Any CPU.Build.0 = Release|Any CPU
		{F2524FA2-8E7E-41DE-84CF-30C4DB4EF2FD}.Debug|Any CPU.ActiveCfg = Debug|Any CPU
		{F2524FA2-8E7E-41DE-84CF-30C4DB4EF2FD}.Debug|Any CPU.Build.0 = Debug|Any CPU
		{F2524FA2-8E7E-41DE-84CF-30C4DB4EF2FD}.Release|Any CPU.ActiveCfg = Release|Any CPU
		{F2524FA2-8E7E-41DE-84CF-30C4DB4EF2FD}.Release|Any CPU.Build.0 = Release|Any CPU
		{217CF9AB-6AAF-48C8-9000-02E74964A525}.Debug|Any CPU.ActiveCfg = Debug|Any CPU
		{217CF9AB-6AAF-48C8-9000-02E74964A525}.Debug|Any CPU.Build.0 = Debug|Any CPU
		{217CF9AB-6AAF-48C8-9000-02E74964A525}.Release|Any CPU.ActiveCfg = Release|Any CPU
		{217CF9AB-6AAF-48C8-9000-02E74964A525}.Release|Any CPU.Build.0 = Release|Any CPU
		{4CE16EDC-B9C1-400F-B876-FDF89404822E}.Debug|Any CPU.ActiveCfg = Debug|Any CPU
		{4CE16EDC-B9C1-400F-B876-FDF89404822E}.Debug|Any CPU.Build.0 = Debug|Any CPU
		{4CE16EDC-B9C1-400F-B876-FDF89404822E}.Release|Any CPU.ActiveCfg = Release|Any CPU
		{4CE16EDC-B9C1-400F-B876-FDF89404822E}.Release|Any CPU.Build.0 = Release|Any CPU
		{2688370E-A71C-4A87-A892-80BE1C9FBF7F}.Debug|Any CPU.ActiveCfg = Debug|Any CPU
		{2688370E-A71C-4A87-A892-80BE1C9FBF7F}.Debug|Any CPU.Build.0 = Debug|Any CPU
		{2688370E-A71C-4A87-A892-80BE1C9FBF7F}.Release|Any CPU.ActiveCfg = Release|Any CPU
		{2688370E-A71C-4A87-A892-80BE1C9FBF7F}.Release|Any CPU.Build.0 = Release|Any CPU
		{D3D84E6C-A956-4C74-A997-DC69F4F078B8}.Debug|Any CPU.ActiveCfg = Debug|Any CPU
		{D3D84E6C-A956-4C74-A997-DC69F4F078B8}.Debug|Any CPU.Build.0 = Debug|Any CPU
		{D3D84E6C-A956-4C74-A997-DC69F4F078B8}.Release|Any CPU.ActiveCfg = Release|Any CPU
		{D3D84E6C-A956-4C74-A997-DC69F4F078B8}.Release|Any CPU.Build.0 = Release|Any CPU
		{7417A538-28E2-49B7-A9F5-E67CD0174AB4}.Debug|Any CPU.ActiveCfg = Debug|Any CPU
		{7417A538-28E2-49B7-A9F5-E67CD0174AB4}.Debug|Any CPU.Build.0 = Debug|Any CPU
		{7417A538-28E2-49B7-A9F5-E67CD0174AB4}.Release|Any CPU.ActiveCfg = Release|Any CPU
		{7417A538-28E2-49B7-A9F5-E67CD0174AB4}.Release|Any CPU.Build.0 = Release|Any CPU
		{8CCC118D-FC2B-430A-959C-CF7DFF614547}.Debug|Any CPU.ActiveCfg = Debug|Any CPU
		{8CCC118D-FC2B-430A-959C-CF7DFF614547}.Debug|Any CPU.Build.0 = Debug|Any CPU
		{8CCC118D-FC2B-430A-959C-CF7DFF614547}.Release|Any CPU.ActiveCfg = Release|Any CPU
		{8CCC118D-FC2B-430A-959C-CF7DFF614547}.Release|Any CPU.Build.0 = Release|Any CPU
		{20D55317-EC4C-44BD-9379-A7FECC3D7A88}.Debug|Any CPU.ActiveCfg = Debug|Any CPU
		{20D55317-EC4C-44BD-9379-A7FECC3D7A88}.Debug|Any CPU.Build.0 = Debug|Any CPU
		{20D55317-EC4C-44BD-9379-A7FECC3D7A88}.Release|Any CPU.ActiveCfg = Release|Any CPU
		{20D55317-EC4C-44BD-9379-A7FECC3D7A88}.Release|Any CPU.Build.0 = Release|Any CPU
		{7258BA9B-5FC2-4003-88D1-5DBF80752796}.Debug|Any CPU.ActiveCfg = Debug|Any CPU
		{7258BA9B-5FC2-4003-88D1-5DBF80752796}.Debug|Any CPU.Build.0 = Debug|Any CPU
		{7258BA9B-5FC2-4003-88D1-5DBF80752796}.Release|Any CPU.ActiveCfg = Release|Any CPU
		{7258BA9B-5FC2-4003-88D1-5DBF80752796}.Release|Any CPU.Build.0 = Release|Any CPU
		{71AA450F-2B05-4210-ADAC-E9AE6CD40075}.Debug|Any CPU.ActiveCfg = Debug|Any CPU
		{71AA450F-2B05-4210-ADAC-E9AE6CD40075}.Debug|Any CPU.Build.0 = Debug|Any CPU
		{71AA450F-2B05-4210-ADAC-E9AE6CD40075}.Release|Any CPU.ActiveCfg = Release|Any CPU
		{71AA450F-2B05-4210-ADAC-E9AE6CD40075}.Release|Any CPU.Build.0 = Release|Any CPU
		{8139FEBE-EB31-494E-AF5C-80421D43853D}.Debug|Any CPU.ActiveCfg = Debug|Any CPU
		{8139FEBE-EB31-494E-AF5C-80421D43853D}.Debug|Any CPU.Build.0 = Debug|Any CPU
		{8139FEBE-EB31-494E-AF5C-80421D43853D}.Release|Any CPU.ActiveCfg = Release|Any CPU
		{8139FEBE-EB31-494E-AF5C-80421D43853D}.Release|Any CPU.Build.0 = Release|Any CPU
		{50B33F6C-1B5F-4B49-86BC-76616D94FF7D}.Debug|Any CPU.ActiveCfg = Debug|Any CPU
		{50B33F6C-1B5F-4B49-86BC-76616D94FF7D}.Debug|Any CPU.Build.0 = Debug|Any CPU
		{50B33F6C-1B5F-4B49-86BC-76616D94FF7D}.Release|Any CPU.ActiveCfg = Release|Any CPU
		{50B33F6C-1B5F-4B49-86BC-76616D94FF7D}.Release|Any CPU.Build.0 = Release|Any CPU
		{A1B19F90-110E-46DA-AACF-7E63B20916F1}.Debug|Any CPU.ActiveCfg = Debug|Any CPU
		{A1B19F90-110E-46DA-AACF-7E63B20916F1}.Debug|Any CPU.Build.0 = Debug|Any CPU
		{A1B19F90-110E-46DA-AACF-7E63B20916F1}.Release|Any CPU.ActiveCfg = Release|Any CPU
		{A1B19F90-110E-46DA-AACF-7E63B20916F1}.Release|Any CPU.Build.0 = Release|Any CPU
		{473E37A4-F45F-48C3-AFA9-9682E84D1AC1}.Debug|Any CPU.ActiveCfg = Debug|Any CPU
		{473E37A4-F45F-48C3-AFA9-9682E84D1AC1}.Debug|Any CPU.Build.0 = Debug|Any CPU
		{473E37A4-F45F-48C3-AFA9-9682E84D1AC1}.Release|Any CPU.ActiveCfg = Release|Any CPU
		{473E37A4-F45F-48C3-AFA9-9682E84D1AC1}.Release|Any CPU.Build.0 = Release|Any CPU
		{B31D52ED-BBBC-4EDB-95AE-AA1CA04C8596}.Debug|Any CPU.ActiveCfg = Debug|Any CPU
		{B31D52ED-BBBC-4EDB-95AE-AA1CA04C8596}.Debug|Any CPU.Build.0 = Debug|Any CPU
		{B31D52ED-BBBC-4EDB-95AE-AA1CA04C8596}.Release|Any CPU.ActiveCfg = Release|Any CPU
		{B31D52ED-BBBC-4EDB-95AE-AA1CA04C8596}.Release|Any CPU.Build.0 = Release|Any CPU
		{3CF4254A-EC5E-4412-9D67-84EB7390169A}.Debug|Any CPU.ActiveCfg = Debug|Any CPU
		{3CF4254A-EC5E-4412-9D67-84EB7390169A}.Debug|Any CPU.Build.0 = Debug|Any CPU
		{3CF4254A-EC5E-4412-9D67-84EB7390169A}.Release|Any CPU.ActiveCfg = Release|Any CPU
		{3CF4254A-EC5E-4412-9D67-84EB7390169A}.Release|Any CPU.Build.0 = Release|Any CPU
	EndGlobalSection
	GlobalSection(SolutionProperties) = preSolution
		HideSolutionNode = FALSE
	EndGlobalSection
	GlobalSection(ExtensibilityGlobals) = postSolution
		SolutionGuid = {117533D5-8672-45AD-A0CC-947F1ABCAE93}
	EndGlobalSection
EndGlobal
